// !$*UTF8*$!
{
	archiveVersion = 1;
	classes = {
	};
	objectVersion = 55;
	objects = {

/* Begin PBXBuildFile section */
		841E683E288EBEBD00E91C0E /* AppDelegate.swift in Sources */ = {isa = PBXBuildFile; fileRef = 841E683D288EBEBD00E91C0E /* AppDelegate.swift */; };
		841E6840288EBEBD00E91C0E /* SceneDelegate.swift in Sources */ = {isa = PBXBuildFile; fileRef = 841E683F288EBEBD00E91C0E /* SceneDelegate.swift */; };
		841E6842288EBEBD00E91C0E /* ConversationsViewController.swift in Sources */ = {isa = PBXBuildFile; fileRef = 841E6841288EBEBD00E91C0E /* ConversationsViewController.swift */; };
		841E6845288EBEBD00E91C0E /* Main.storyboard in Resources */ = {isa = PBXBuildFile; fileRef = 841E6843288EBEBD00E91C0E /* Main.storyboard */; };
		841E6847288EBEC000E91C0E /* Assets.xcassets in Resources */ = {isa = PBXBuildFile; fileRef = 841E6846288EBEC000E91C0E /* Assets.xcassets */; };
		841E684A288EBEC000E91C0E /* LaunchScreen.storyboard in Resources */ = {isa = PBXBuildFile; fileRef = 841E6848288EBEC000E91C0E /* LaunchScreen.storyboard */; };
		841E6858288EC39C00E91C0E /* LoginViewController.swift in Sources */ = {isa = PBXBuildFile; fileRef = 841E6857288EC39C00E91C0E /* LoginViewController.swift */; };
		841E685A288EC3B900E91C0E /* RegisterViewController.swift in Sources */ = {isa = PBXBuildFile; fileRef = 841E6859288EC3B900E91C0E /* RegisterViewController.swift */; };
		841E685C288EC3F900E91C0E /* PhotoViewerViewController.swift in Sources */ = {isa = PBXBuildFile; fileRef = 841E685B288EC3F900E91C0E /* PhotoViewerViewController.swift */; };
		841E685E288EC41400E91C0E /* VideoPlayerViewController.swift in Sources */ = {isa = PBXBuildFile; fileRef = 841E685D288EC41400E91C0E /* VideoPlayerViewController.swift */; };
		841E6860288EC44700E91C0E /* NewConversationViewController.swift in Sources */ = {isa = PBXBuildFile; fileRef = 841E685F288EC44700E91C0E /* NewConversationViewController.swift */; };
		841E6862288EC47100E91C0E /* ProfileViewController.swift in Sources */ = {isa = PBXBuildFile; fileRef = 841E6861288EC47100E91C0E /* ProfileViewController.swift */; };
/* End PBXBuildFile section */

/* Begin PBXFileReference section */
		841E683A288EBEBD00E91C0E /* Messenger.app */ = {isa = PBXFileReference; explicitFileType = wrapper.application; includeInIndex = 0; path = Messenger.app; sourceTree = BUILT_PRODUCTS_DIR; };
		841E683D288EBEBD00E91C0E /* AppDelegate.swift */ = {isa = PBXFileReference; lastKnownFileType = sourcecode.swift; path = AppDelegate.swift; sourceTree = "<group>"; };
		841E683F288EBEBD00E91C0E /* SceneDelegate.swift */ = {isa = PBXFileReference; lastKnownFileType = sourcecode.swift; path = SceneDelegate.swift; sourceTree = "<group>"; };
		841E6841288EBEBD00E91C0E /* ConversationsViewController.swift */ = {isa = PBXFileReference; lastKnownFileType = sourcecode.swift; path = ConversationsViewController.swift; sourceTree = "<group>"; };
		841E6844288EBEBD00E91C0E /* Base */ = {isa = PBXFileReference; lastKnownFileType = file.storyboard; name = Base; path = Base.lproj/Main.storyboard; sourceTree = "<group>"; };
		841E6846288EBEC000E91C0E /* Assets.xcassets */ = {isa = PBXFileReference; lastKnownFileType = folder.assetcatalog; path = Assets.xcassets; sourceTree = "<group>"; };
		841E6849288EBEC000E91C0E /* Base */ = {isa = PBXFileReference; lastKnownFileType = file.storyboard; name = Base; path = Base.lproj/LaunchScreen.storyboard; sourceTree = "<group>"; };
		841E684B288EBEC000E91C0E /* Info.plist */ = {isa = PBXFileReference; lastKnownFileType = text.plist.xml; path = Info.plist; sourceTree = "<group>"; };
		841E6857288EC39C00E91C0E /* LoginViewController.swift */ = {isa = PBXFileReference; lastKnownFileType = sourcecode.swift; path = LoginViewController.swift; sourceTree = "<group>"; };
		841E6859288EC3B900E91C0E /* RegisterViewController.swift */ = {isa = PBXFileReference; lastKnownFileType = sourcecode.swift; path = RegisterViewController.swift; sourceTree = "<group>"; };
		841E685B288EC3F900E91C0E /* PhotoViewerViewController.swift */ = {isa = PBXFileReference; lastKnownFileType = sourcecode.swift; path = PhotoViewerViewController.swift; sourceTree = "<group>"; };
		841E685D288EC41400E91C0E /* VideoPlayerViewController.swift */ = {isa = PBXFileReference; lastKnownFileType = sourcecode.swift; path = VideoPlayerViewController.swift; sourceTree = "<group>"; };
		841E685F288EC44700E91C0E /* NewConversationViewController.swift */ = {isa = PBXFileReference; lastKnownFileType = sourcecode.swift; path = NewConversationViewController.swift; sourceTree = "<group>"; };
		841E6861288EC47100E91C0E /* ProfileViewController.swift */ = {isa = PBXFileReference; lastKnownFileType = sourcecode.swift; path = ProfileViewController.swift; sourceTree = "<group>"; };
/* End PBXFileReference section */

/* Begin PBXFrameworksBuildPhase section */
		841E6837288EBEBD00E91C0E /* Frameworks */ = {
			isa = PBXFrameworksBuildPhase;
			buildActionMask = 2147483647;
			files = (
			);
			runOnlyForDeploymentPostprocessing = 0;
		};
/* End PBXFrameworksBuildPhase section */

/* Begin PBXGroup section */
		841E6831288EBEBD00E91C0E = {
			isa = PBXGroup;
			children = (
				841E683C288EBEBD00E91C0E /* Messenger */,
				841E683B288EBEBD00E91C0E /* Products */,
			);
			sourceTree = "<group>";
		};
		841E683B288EBEBD00E91C0E /* Products */ = {
			isa = PBXGroup;
			children = (
				841E683A288EBEBD00E91C0E /* Messenger.app */,
			);
			name = Products;
			sourceTree = "<group>";
		};
		841E683C288EBEBD00E91C0E /* Messenger */ = {
			isa = PBXGroup;
			children = (
				841E6855288EC15800E91C0E /* Resources */,
				841E6854288EC14300E91C0E /* ViewModels */,
				841E6853288EC12D00E91C0E /* Models */,
				841E6852288EC12300E91C0E /* Views */,
				841E6851288EC11100E91C0E /* Controllers */,
				841E684B288EBEC000E91C0E /* Info.plist */,
			);
			path = Messenger;
			sourceTree = "<group>";
		};
		841E6851288EC11100E91C0E /* Controllers */ = {
			isa = PBXGroup;
			children = (
				841E6841288EBEBD00E91C0E /* ConversationsViewController.swift */,
				841E6857288EC39C00E91C0E /* LoginViewController.swift */,
				841E6859288EC3B900E91C0E /* RegisterViewController.swift */,
				841E685B288EC3F900E91C0E /* PhotoViewerViewController.swift */,
				841E685D288EC41400E91C0E /* VideoPlayerViewController.swift */,
				841E685F288EC44700E91C0E /* NewConversationViewController.swift */,
				841E6861288EC47100E91C0E /* ProfileViewController.swift */,
			);
			path = Controllers;
			sourceTree = "<group>";
		};
		841E6852288EC12300E91C0E /* Views */ = {
			isa = PBXGroup;
			children = (
				841E6856288EC23800E91C0E /* Storyboards */,
				841E6846288EBEC000E91C0E /* Assets.xcassets */,
			);
			path = Views;
			sourceTree = "<group>";
		};
		841E6853288EC12D00E91C0E /* Models */ = {
			isa = PBXGroup;
			children = (
			);
			path = Models;
			sourceTree = "<group>";
		};
		841E6854288EC14300E91C0E /* ViewModels */ = {
			isa = PBXGroup;
			children = (
			);
			path = ViewModels;
			sourceTree = "<group>";
		};
		841E6855288EC15800E91C0E /* Resources */ = {
			isa = PBXGroup;
			children = (
				841E683D288EBEBD00E91C0E /* AppDelegate.swift */,
				841E683F288EBEBD00E91C0E /* SceneDelegate.swift */,
			);
			path = Resources;
			sourceTree = "<group>";
		};
		841E6856288EC23800E91C0E /* Storyboards */ = {
			isa = PBXGroup;
			children = (
				841E6843288EBEBD00E91C0E /* Main.storyboard */,
				841E6848288EBEC000E91C0E /* LaunchScreen.storyboard */,
			);
			path = Storyboards;
			sourceTree = "<group>";
		};
/* End PBXGroup section */

/* Begin PBXNativeTarget section */
		841E6839288EBEBD00E91C0E /* Messenger */ = {
			isa = PBXNativeTarget;
			buildConfigurationList = 841E684E288EBEC000E91C0E /* Build configuration list for PBXNativeTarget "Messenger" */;
			buildPhases = (
				841E6836288EBEBD00E91C0E /* Sources */,
				841E6837288EBEBD00E91C0E /* Frameworks */,
				841E6838288EBEBD00E91C0E /* Resources */,
			);
			buildRules = (
			);
			dependencies = (
			);
			name = Messenger;
			productName = Messenger;
			productReference = 841E683A288EBEBD00E91C0E /* Messenger.app */;
			productType = "com.apple.product-type.application";
		};
/* End PBXNativeTarget section */

/* Begin PBXProject section */
		841E6832288EBEBD00E91C0E /* Project object */ = {
			isa = PBXProject;
			attributes = {
				BuildIndependentTargetsInParallel = 1;
				LastSwiftUpdateCheck = 1320;
				LastUpgradeCheck = 1320;
				TargetAttributes = {
					841E6839288EBEBD00E91C0E = {
						CreatedOnToolsVersion = 13.2.1;
					};
				};
			};
			buildConfigurationList = 841E6835288EBEBD00E91C0E /* Build configuration list for PBXProject "Messenger" */;
			compatibilityVersion = "Xcode 13.0";
			developmentRegion = en;
			hasScannedForEncodings = 0;
			knownRegions = (
				en,
				Base,
			);
			mainGroup = 841E6831288EBEBD00E91C0E;
			productRefGroup = 841E683B288EBEBD00E91C0E /* Products */;
			projectDirPath = "";
			projectRoot = "";
			targets = (
				841E6839288EBEBD00E91C0E /* Messenger */,
			);
		};
/* End PBXProject section */

/* Begin PBXResourcesBuildPhase section */
		841E6838288EBEBD00E91C0E /* Resources */ = {
			isa = PBXResourcesBuildPhase;
			buildActionMask = 2147483647;
			files = (
				841E684A288EBEC000E91C0E /* LaunchScreen.storyboard in Resources */,
				841E6847288EBEC000E91C0E /* Assets.xcassets in Resources */,
				841E6845288EBEBD00E91C0E /* Main.storyboard in Resources */,
			);
			runOnlyForDeploymentPostprocessing = 0;
		};
/* End PBXResourcesBuildPhase section */

/* Begin PBXSourcesBuildPhase section */
		841E6836288EBEBD00E91C0E /* Sources */ = {
			isa = PBXSourcesBuildPhase;
			buildActionMask = 2147483647;
			files = (
				841E6858288EC39C00E91C0E /* LoginViewController.swift in Sources */,
				841E685A288EC3B900E91C0E /* RegisterViewController.swift in Sources */,
				841E6860288EC44700E91C0E /* NewConversationViewController.swift in Sources */,
				841E6842288EBEBD00E91C0E /* ConversationsViewController.swift in Sources */,
				841E685E288EC41400E91C0E /* VideoPlayerViewController.swift in Sources */,
				841E683E288EBEBD00E91C0E /* AppDelegate.swift in Sources */,
				841E6862288EC47100E91C0E /* ProfileViewController.swift in Sources */,
				841E6840288EBEBD00E91C0E /* SceneDelegate.swift in Sources */,
				841E685C288EC3F900E91C0E /* PhotoViewerViewController.swift in Sources */,
			);
			runOnlyForDeploymentPostprocessing = 0;
		};
/* End PBXSourcesBuildPhase section */

/* Begin PBXVariantGroup section */
		841E6843288EBEBD00E91C0E /* Main.storyboard */ = {
			isa = PBXVariantGroup;
			children = (
				841E6844288EBEBD00E91C0E /* Base */,
			);
			name = Main.storyboard;
			sourceTree = "<group>";
		};
		841E6848288EBEC000E91C0E /* LaunchScreen.storyboard */ = {
			isa = PBXVariantGroup;
			children = (
				841E6849288EBEC000E91C0E /* Base */,
			);
			name = LaunchScreen.storyboard;
			sourceTree = "<group>";
		};
/* End PBXVariantGroup section */

/* Begin XCBuildConfiguration section */
		841E684C288EBEC000E91C0E /* Debug */ = {
			isa = XCBuildConfiguration;
			buildSettings = {
				ALWAYS_SEARCH_USER_PATHS = NO;
				CLANG_ANALYZER_NONNULL = YES;
				CLANG_ANALYZER_NUMBER_OBJECT_CONVERSION = YES_AGGRESSIVE;
				CLANG_CXX_LANGUAGE_STANDARD = "gnu++17";
				CLANG_CXX_LIBRARY = "libc++";
				CLANG_ENABLE_MODULES = YES;
				CLANG_ENABLE_OBJC_ARC = YES;
				CLANG_ENABLE_OBJC_WEAK = YES;
				CLANG_WARN_BLOCK_CAPTURE_AUTORELEASING = YES;
				CLANG_WARN_BOOL_CONVERSION = YES;
				CLANG_WARN_COMMA = YES;
				CLANG_WARN_CONSTANT_CONVERSION = YES;
				CLANG_WARN_DEPRECATED_OBJC_IMPLEMENTATIONS = YES;
				CLANG_WARN_DIRECT_OBJC_ISA_USAGE = YES_ERROR;
				CLANG_WARN_DOCUMENTATION_COMMENTS = YES;
				CLANG_WARN_EMPTY_BODY = YES;
				CLANG_WARN_ENUM_CONVERSION = YES;
				CLANG_WARN_INFINITE_RECURSION = YES;
				CLANG_WARN_INT_CONVERSION = YES;
				CLANG_WARN_NON_LITERAL_NULL_CONVERSION = YES;
				CLANG_WARN_OBJC_IMPLICIT_RETAIN_SELF = YES;
				CLANG_WARN_OBJC_LITERAL_CONVERSION = YES;
				CLANG_WARN_OBJC_ROOT_CLASS = YES_ERROR;
				CLANG_WARN_QUOTED_INCLUDE_IN_FRAMEWORK_HEADER = YES;
				CLANG_WARN_RANGE_LOOP_ANALYSIS = YES;
				CLANG_WARN_STRICT_PROTOTYPES = YES;
				CLANG_WARN_SUSPICIOUS_MOVE = YES;
				CLANG_WARN_UNGUARDED_AVAILABILITY = YES_AGGRESSIVE;
				CLANG_WARN_UNREACHABLE_CODE = YES;
				CLANG_WARN__DUPLICATE_METHOD_MATCH = YES;
				COPY_PHASE_STRIP = NO;
				DEBUG_INFORMATION_FORMAT = dwarf;
				ENABLE_STRICT_OBJC_MSGSEND = YES;
				ENABLE_TESTABILITY = YES;
				GCC_C_LANGUAGE_STANDARD = gnu11;
				GCC_DYNAMIC_NO_PIC = NO;
				GCC_NO_COMMON_BLOCKS = YES;
				GCC_OPTIMIZATION_LEVEL = 0;
				GCC_PREPROCESSOR_DEFINITIONS = (
					"DEBUG=1",
					"$(inherited)",
				);
				GCC_WARN_64_TO_32_BIT_CONVERSION = YES;
				GCC_WARN_ABOUT_RETURN_TYPE = YES_ERROR;
				GCC_WARN_UNDECLARED_SELECTOR = YES;
				GCC_WARN_UNINITIALIZED_AUTOS = YES_AGGRESSIVE;
				GCC_WARN_UNUSED_FUNCTION = YES;
				GCC_WARN_UNUSED_VARIABLE = YES;
				IPHONEOS_DEPLOYMENT_TARGET = 15.2;
				MTL_ENABLE_DEBUG_INFO = INCLUDE_SOURCE;
				MTL_FAST_MATH = YES;
				ONLY_ACTIVE_ARCH = YES;
				SDKROOT = iphoneos;
				SWIFT_ACTIVE_COMPILATION_CONDITIONS = DEBUG;
				SWIFT_OPTIMIZATION_LEVEL = "-Onone";
			};
			name = Debug;
		};
		841E684D288EBEC000E91C0E /* Release */ = {
			isa = XCBuildConfiguration;
			buildSettings = {
				ALWAYS_SEARCH_USER_PATHS = NO;
				CLANG_ANALYZER_NONNULL = YES;
				CLANG_ANALYZER_NUMBER_OBJECT_CONVERSION = YES_AGGRESSIVE;
				CLANG_CXX_LANGUAGE_STANDARD = "gnu++17";
				CLANG_CXX_LIBRARY = "libc++";
				CLANG_ENABLE_MODULES = YES;
				CLANG_ENABLE_OBJC_ARC = YES;
				CLANG_ENABLE_OBJC_WEAK = YES;
				CLANG_WARN_BLOCK_CAPTURE_AUTORELEASING = YES;
				CLANG_WARN_BOOL_CONVERSION = YES;
				CLANG_WARN_COMMA = YES;
				CLANG_WARN_CONSTANT_CONVERSION = YES;
				CLANG_WARN_DEPRECATED_OBJC_IMPLEMENTATIONS = YES;
				CLANG_WARN_DIRECT_OBJC_ISA_USAGE = YES_ERROR;
				CLANG_WARN_DOCUMENTATION_COMMENTS = YES;
				CLANG_WARN_EMPTY_BODY = YES;
				CLANG_WARN_ENUM_CONVERSION = YES;
				CLANG_WARN_INFINITE_RECURSION = YES;
				CLANG_WARN_INT_CONVERSION = YES;
				CLANG_WARN_NON_LITERAL_NULL_CONVERSION = YES;
				CLANG_WARN_OBJC_IMPLICIT_RETAIN_SELF = YES;
				CLANG_WARN_OBJC_LITERAL_CONVERSION = YES;
				CLANG_WARN_OBJC_ROOT_CLASS = YES_ERROR;
				CLANG_WARN_QUOTED_INCLUDE_IN_FRAMEWORK_HEADER = YES;
				CLANG_WARN_RANGE_LOOP_ANALYSIS = YES;
				CLANG_WARN_STRICT_PROTOTYPES = YES;
				CLANG_WARN_SUSPICIOUS_MOVE = YES;
				CLANG_WARN_UNGUARDED_AVAILABILITY = YES_AGGRESSIVE;
				CLANG_WARN_UNREACHABLE_CODE = YES;
				CLANG_WARN__DUPLICATE_METHOD_MATCH = YES;
				COPY_PHASE_STRIP = NO;
				DEBUG_INFORMATION_FORMAT = "dwarf-with-dsym";
				ENABLE_NS_ASSERTIONS = NO;
				ENABLE_STRICT_OBJC_MSGSEND = YES;
				GCC_C_LANGUAGE_STANDARD = gnu11;
				GCC_NO_COMMON_BLOCKS = YES;
				GCC_WARN_64_TO_32_BIT_CONVERSION = YES;
				GCC_WARN_ABOUT_RETURN_TYPE = YES_ERROR;
				GCC_WARN_UNDECLARED_SELECTOR = YES;
				GCC_WARN_UNINITIALIZED_AUTOS = YES_AGGRESSIVE;
				GCC_WARN_UNUSED_FUNCTION = YES;
				GCC_WARN_UNUSED_VARIABLE = YES;
				IPHONEOS_DEPLOYMENT_TARGET = 15.2;
				MTL_ENABLE_DEBUG_INFO = NO;
				MTL_FAST_MATH = YES;
				SDKROOT = iphoneos;
				SWIFT_COMPILATION_MODE = wholemodule;
				SWIFT_OPTIMIZATION_LEVEL = "-O";
				VALIDATE_PRODUCT = YES;
			};
			name = Release;
		};
		841E684F288EBEC000E91C0E /* Debug */ = {
			isa = XCBuildConfiguration;
			buildSettings = {
				ASSETCATALOG_COMPILER_APPICON_NAME = AppIcon;
				ASSETCATALOG_COMPILER_GLOBAL_ACCENT_COLOR_NAME = AccentColor;
				CODE_SIGN_STYLE = Automatic;
				CURRENT_PROJECT_VERSION = 1;
				DEVELOPMENT_TEAM = 9MHYTDB9DP;
				GENERATE_INFOPLIST_FILE = YES;
				INFOPLIST_FILE = Messenger/Info.plist;
				INFOPLIST_KEY_UIApplicationSupportsIndirectInputEvents = YES;
				INFOPLIST_KEY_UILaunchStoryboardName = LaunchScreen;
				INFOPLIST_KEY_UIMainStoryboardFile = Main;
				INFOPLIST_KEY_UISupportedInterfaceOrientations = UIInterfaceOrientationPortrait;
				INFOPLIST_KEY_UISupportedInterfaceOrientations_iPad = "UIInterfaceOrientationPortrait UIInterfaceOrientationPortraitUpsideDown UIInterfaceOrientationLandscapeLeft UIInterfaceOrientationLandscapeRight";
				INFOPLIST_KEY_UISupportedInterfaceOrientations_iPhone = "UIInterfaceOrientationPortrait UIInterfaceOrientationLandscapeLeft UIInterfaceOrientationLandscapeRight";
				LD_RUNPATH_SEARCH_PATHS = (
					"$(inherited)",
					"@executable_path/Frameworks",
				);
				MARKETING_VERSION = 1.0;
				PRODUCT_BUNDLE_IDENTIFIER = evorontsova.Messenger;
				PRODUCT_NAME = "$(TARGET_NAME)";
				SWIFT_EMIT_LOC_STRINGS = YES;
				SWIFT_VERSION = 5.0;
				TARGETED_DEVICE_FAMILY = "1,2";
			};
			name = Debug;
		};
		841E6850288EBEC000E91C0E /* Release */ = {
			isa = XCBuildConfiguration;
			buildSettings = {
				ASSETCATALOG_COMPILER_APPICON_NAME = AppIcon;
				ASSETCATALOG_COMPILER_GLOBAL_ACCENT_COLOR_NAME = AccentColor;
				CODE_SIGN_STYLE = Automatic;
				CURRENT_PROJECT_VERSION = 1;
				DEVELOPMENT_TEAM = 9MHYTDB9DP;
				GENERATE_INFOPLIST_FILE = YES;
				INFOPLIST_FILE = Messenger/Info.plist;
				INFOPLIST_KEY_UIApplicationSupportsIndirectInputEvents = YES;
				INFOPLIST_KEY_UILaunchStoryboardName = LaunchScreen;
				INFOPLIST_KEY_UIMainStoryboardFile = Main;
				INFOPLIST_KEY_UISupportedInterfaceOrientations = UIInterfaceOrientationPortrait;
				INFOPLIST_KEY_UISupportedInterfaceOrientations_iPad = "UIInterfaceOrientationPortrait UIInterfaceOrientationPortraitUpsideDown UIInterfaceOrientationLandscapeLeft UIInterfaceOrientationLandscapeRight";
				INFOPLIST_KEY_UISupportedInterfaceOrientations_iPhone = "UIInterfaceOrientationPortrait UIInterfaceOrientationLandscapeLeft UIInterfaceOrientationLandscapeRight";
				LD_RUNPATH_SEARCH_PATHS = (
					"$(inherited)",
					"@executable_path/Frameworks",
				);
				MARKETING_VERSION = 1.0;
				PRODUCT_BUNDLE_IDENTIFIER = evorontsova.Messenger;
				PRODUCT_NAME = "$(TARGET_NAME)";
				SWIFT_EMIT_LOC_STRINGS = YES;
				SWIFT_VERSION = 5.0;
				TARGETED_DEVICE_FAMILY = "1,2";
			};
			name = Release;
		};
/* End XCBuildConfiguration section */

/* Begin XCConfigurationList section */
		841E6835288EBEBD00E91C0E /* Build configuration list for PBXProject "Messenger" */ = {
			isa = XCConfigurationList;
			buildConfigurations = (
				841E684C288EBEC000E91C0E /* Debug */,
				841E684D288EBEC000E91C0E /* Release */,
			);
			defaultConfigurationIsVisible = 0;
			defaultConfigurationName = Release;
		};
		841E684E288EBEC000E91C0E /* Build configuration list for PBXNativeTarget "Messenger" */ = {
			isa = XCConfigurationList;
			buildConfigurations = (
				841E684F288EBEC000E91C0E /* Debug */,
				841E6850288EBEC000E91C0E /* Release */,
			);
			defaultConfigurationIsVisible = 0;
			defaultConfigurationName = Release;
		};
/* End XCConfigurationList section */
	};
	rootObject = 841E6832288EBEBD00E91C0E /* Project object */;
}
